// !$*UTF8*$!
{
	archiveVersion = 1;
	classes = {
	};
	objectVersion = 55;
	objects = {

/* Begin PBXBuildFile section */
		1537834C288480DE00E173D1 /* RegisterPlanViewController.swift in Sources */ = {isa = PBXBuildFile; fileRef = 1537834B288480DE00E173D1 /* RegisterPlanViewController.swift */; };
		1537834E2884826900E173D1 /* SettingPlan.storyboard in Resources */ = {isa = PBXBuildFile; fileRef = 1537834D2884826900E173D1 /* SettingPlan.storyboard */; };
		385BB5562882BB270067AFF4 /* RegisterLocationViewController.swift in Sources */ = {isa = PBXBuildFile; fileRef = 385BB5552882BB270067AFF4 /* RegisterLocationViewController.swift */; };
		385BB5582882DF1D0067AFF4 /* RegisterLocationCollectionViewCell.swift in Sources */ = {isa = PBXBuildFile; fileRef = 385BB5572882DF1D0067AFF4 /* RegisterLocationCollectionViewCell.swift */; };
		5075907A28915CC50033C09B /* UIColor+.swift in Sources */ = {isa = PBXBuildFile; fileRef = 5075907928915CC50033C09B /* UIColor+.swift */; };
		507E6F3428826AD80086A4CE /* RegisterCompleteViewController.swift in Sources */ = {isa = PBXBuildFile; fileRef = 507E6F3328826AD80086A4CE /* RegisterCompleteViewController.swift */; };
		507E6F362882D8A70086A4CE /* SettingViewController.swift in Sources */ = {isa = PBXBuildFile; fileRef = 507E6F352882D8A70086A4CE /* SettingViewController.swift */; };
		EF0C23D2288E232D00FF5A86 /* MoTeDate.swift in Sources */ = {isa = PBXBuildFile; fileRef = EF0C23D1288E232D00FF5A86 /* MoTeDate.swift */; };
		EF0C23D4288E234100FF5A86 /* Alarm.swift in Sources */ = {isa = PBXBuildFile; fileRef = EF0C23D3288E234100FF5A86 /* Alarm.swift */; };
		EF0C23D6288E234B00FF5A86 /* CallTime.swift in Sources */ = {isa = PBXBuildFile; fileRef = EF0C23D5288E234B00FF5A86 /* CallTime.swift */; };
		EF0C23D8288E236400FF5A86 /* Goal.swift in Sources */ = {isa = PBXBuildFile; fileRef = EF0C23D7288E236400FF5A86 /* Goal.swift */; };
		EF0C23DA288E237A00FF5A86 /* PushAlarm.swift in Sources */ = {isa = PBXBuildFile; fileRef = EF0C23D9288E237A00FF5A86 /* PushAlarm.swift */; };
		EF25AD20287BD05E0014B41B /* .swiftlint.yml in Resources */ = {isa = PBXBuildFile; fileRef = EF25AD1F287BD05E0014B41B /* .swiftlint.yml */; };
		EF3630EF28865FA4007779C0 /* Coordinator.swift in Sources */ = {isa = PBXBuildFile; fileRef = EF3630EE28865FA4007779C0 /* Coordinator.swift */; };
		EF3630F128866115007779C0 /* AppCoordinator.swift in Sources */ = {isa = PBXBuildFile; fileRef = EF3630F028866115007779C0 /* AppCoordinator.swift */; };
		EF3630F428866304007779C0 /* RegisterCoordinator.swift in Sources */ = {isa = PBXBuildFile; fileRef = EF3630F328866304007779C0 /* RegisterCoordinator.swift */; };
		EF3630F628866968007779C0 /* MainTabCoordinator.swift in Sources */ = {isa = PBXBuildFile; fileRef = EF3630F528866968007779C0 /* MainTabCoordinator.swift */; };
		EF7785DC28864CC700E60AD2 /* CallTime.storyboard in Resources */ = {isa = PBXBuildFile; fileRef = EF7785DA28864CC700E60AD2 /* CallTime.storyboard */; };
		EF7785DD28864CC700E60AD2 /* RegisterCallTimeViewController.swift in Sources */ = {isa = PBXBuildFile; fileRef = EF7785DB28864CC700E60AD2 /* RegisterCallTimeViewController.swift */; };
		EFF8D2992880EFA0005A4D10 /* MainTabBarController.swift in Sources */ = {isa = PBXBuildFile; fileRef = EFF8D2982880EFA0005A4D10 /* MainTabBarController.swift */; };
		EFF8D29B2880F226005A4D10 /* TodayViewController.swift in Sources */ = {isa = PBXBuildFile; fileRef = EFF8D29A2880F226005A4D10 /* TodayViewController.swift */; };
		EFF8D2A12880F4FE005A4D10 /* UITabBarItem+.swift in Sources */ = {isa = PBXBuildFile; fileRef = EFF8D2A02880F4FE005A4D10 /* UITabBarItem+.swift */; };
		EFF8D2A4288102B1005A4D10 /* RecordViewController.swift in Sources */ = {isa = PBXBuildFile; fileRef = EFF8D2A3288102B1005A4D10 /* RecordViewController.swift */; };
		EFF8D2A628810A11005A4D10 /* UIView+.swift in Sources */ = {isa = PBXBuildFile; fileRef = EFF8D2A528810A11005A4D10 /* UIView+.swift */; };
		EFF8D2AA28811A7F005A4D10 /* UIStackView+.swift in Sources */ = {isa = PBXBuildFile; fileRef = EFF8D2A928811A7F005A4D10 /* UIStackView+.swift */; };
		EFF8D2BB28819D03005A4D10 /* UIViewController+.swift in Sources */ = {isa = PBXBuildFile; fileRef = EFF8D2BA28819D03005A4D10 /* UIViewController+.swift */; };
		EFF8D2BD2881C9F1005A4D10 /* RegisterNotifyViewController.swift in Sources */ = {isa = PBXBuildFile; fileRef = EFF8D2BC2881C9F1005A4D10 /* RegisterNotifyViewController.swift */; };
		EFF8D2BF2881D219005A4D10 /* UILabel+.swift in Sources */ = {isa = PBXBuildFile; fileRef = EFF8D2BE2881D219005A4D10 /* UILabel+.swift */; };
		EFF8D2C22881D3DE005A4D10 /* AlarmSetView.swift in Sources */ = {isa = PBXBuildFile; fileRef = EFF8D2C12881D3DE005A4D10 /* AlarmSetView.swift */; };
		EFF8D2C428826931005A4D10 /* AlarmAgainSetView.swift in Sources */ = {isa = PBXBuildFile; fileRef = EFF8D2C328826931005A4D10 /* AlarmAgainSetView.swift */; };
		EFF8D2C82882AE3A005A4D10 /* AMButton.swift in Sources */ = {isa = PBXBuildFile; fileRef = EFF8D2C72882AE3A005A4D10 /* AMButton.swift */; };
		EFF8D2CA2882BC6A005A4D10 /* CallDelayViewController.swift in Sources */ = {isa = PBXBuildFile; fileRef = EFF8D2C92882BC6A005A4D10 /* CallDelayViewController.swift */; };
		EFF8D2D2288318CB005A4D10 /* UIFont+.swift in Sources */ = {isa = PBXBuildFile; fileRef = EFF8D2D1288318CB005A4D10 /* UIFont+.swift */; };
		EFFD73EF287BC77D00D9F267 /* AppDelegate.swift in Sources */ = {isa = PBXBuildFile; fileRef = EFFD73EE287BC77D00D9F267 /* AppDelegate.swift */; };
		EFFD73F1287BC77D00D9F267 /* SceneDelegate.swift in Sources */ = {isa = PBXBuildFile; fileRef = EFFD73F0287BC77D00D9F267 /* SceneDelegate.swift */; };
		EFFD73F6287BC77D00D9F267 /* Main.storyboard in Resources */ = {isa = PBXBuildFile; fileRef = EFFD73F4287BC77D00D9F267 /* Main.storyboard */; };
		EFFD73F8287BC77E00D9F267 /* Assets.xcassets in Resources */ = {isa = PBXBuildFile; fileRef = EFFD73F7287BC77E00D9F267 /* Assets.xcassets */; };
		EFFD73FB287BC77E00D9F267 /* LaunchScreen.storyboard in Resources */ = {isa = PBXBuildFile; fileRef = EFFD73F9287BC77E00D9F267 /* LaunchScreen.storyboard */; };
		EFFD7406287BC77F00D9F267 /* AlarmiTests.swift in Sources */ = {isa = PBXBuildFile; fileRef = EFFD7405287BC77F00D9F267 /* AlarmiTests.swift */; };
		EFFD7410287BC77F00D9F267 /* AlarmiUITests.swift in Sources */ = {isa = PBXBuildFile; fileRef = EFFD740F287BC77F00D9F267 /* AlarmiUITests.swift */; };
		EFFD7412287BC77F00D9F267 /* AlarmiUITestsLaunchTests.swift in Sources */ = {isa = PBXBuildFile; fileRef = EFFD7411287BC77F00D9F267 /* AlarmiUITestsLaunchTests.swift */; };
/* End PBXBuildFile section */

/* Begin PBXContainerItemProxy section */
		EFFD7402287BC77F00D9F267 /* PBXContainerItemProxy */ = {
			isa = PBXContainerItemProxy;
			containerPortal = EFFD73E3287BC77D00D9F267 /* Project object */;
			proxyType = 1;
			remoteGlobalIDString = EFFD73EA287BC77D00D9F267;
			remoteInfo = Alarmi;
		};
		EFFD740C287BC77F00D9F267 /* PBXContainerItemProxy */ = {
			isa = PBXContainerItemProxy;
			containerPortal = EFFD73E3287BC77D00D9F267 /* Project object */;
			proxyType = 1;
			remoteGlobalIDString = EFFD73EA287BC77D00D9F267;
			remoteInfo = Alarmi;
		};
/* End PBXContainerItemProxy section */

/* Begin PBXFileReference section */
		1537834B288480DE00E173D1 /* RegisterPlanViewController.swift */ = {isa = PBXFileReference; lastKnownFileType = sourcecode.swift; path = RegisterPlanViewController.swift; sourceTree = "<group>"; };
		1537834D2884826900E173D1 /* SettingPlan.storyboard */ = {isa = PBXFileReference; lastKnownFileType = file.storyboard; path = SettingPlan.storyboard; sourceTree = "<group>"; };
		385BB5552882BB270067AFF4 /* RegisterLocationViewController.swift */ = {isa = PBXFileReference; lastKnownFileType = sourcecode.swift; path = RegisterLocationViewController.swift; sourceTree = "<group>"; };
		385BB5572882DF1D0067AFF4 /* RegisterLocationCollectionViewCell.swift */ = {isa = PBXFileReference; lastKnownFileType = sourcecode.swift; path = RegisterLocationCollectionViewCell.swift; sourceTree = "<group>"; };
		5075907928915CC50033C09B /* UIColor+.swift */ = {isa = PBXFileReference; lastKnownFileType = sourcecode.swift; path = "UIColor+.swift"; sourceTree = "<group>"; };
		507E6F3328826AD80086A4CE /* RegisterCompleteViewController.swift */ = {isa = PBXFileReference; lastKnownFileType = sourcecode.swift; path = RegisterCompleteViewController.swift; sourceTree = "<group>"; };
		507E6F352882D8A70086A4CE /* SettingViewController.swift */ = {isa = PBXFileReference; lastKnownFileType = sourcecode.swift; path = SettingViewController.swift; sourceTree = "<group>"; };
		EF0C23D1288E232D00FF5A86 /* MoTeDate.swift */ = {isa = PBXFileReference; lastKnownFileType = sourcecode.swift; path = MoTeDate.swift; sourceTree = "<group>"; };
		EF0C23D3288E234100FF5A86 /* Alarm.swift */ = {isa = PBXFileReference; lastKnownFileType = sourcecode.swift; path = Alarm.swift; sourceTree = "<group>"; };
		EF0C23D5288E234B00FF5A86 /* CallTime.swift */ = {isa = PBXFileReference; lastKnownFileType = sourcecode.swift; path = CallTime.swift; sourceTree = "<group>"; };
		EF0C23D7288E236400FF5A86 /* Goal.swift */ = {isa = PBXFileReference; lastKnownFileType = sourcecode.swift; path = Goal.swift; sourceTree = "<group>"; };
		EF0C23D9288E237A00FF5A86 /* PushAlarm.swift */ = {isa = PBXFileReference; lastKnownFileType = sourcecode.swift; path = PushAlarm.swift; sourceTree = "<group>"; };
		EF25AD1F287BD05E0014B41B /* .swiftlint.yml */ = {isa = PBXFileReference; lastKnownFileType = text.yaml; path = .swiftlint.yml; sourceTree = "<group>"; };
		EF3630EE28865FA4007779C0 /* Coordinator.swift */ = {isa = PBXFileReference; lastKnownFileType = sourcecode.swift; path = Coordinator.swift; sourceTree = "<group>"; };
		EF3630F028866115007779C0 /* AppCoordinator.swift */ = {isa = PBXFileReference; lastKnownFileType = sourcecode.swift; path = AppCoordinator.swift; sourceTree = "<group>"; };
		EF3630F328866304007779C0 /* RegisterCoordinator.swift */ = {isa = PBXFileReference; lastKnownFileType = sourcecode.swift; path = RegisterCoordinator.swift; sourceTree = "<group>"; };
		EF3630F528866968007779C0 /* MainTabCoordinator.swift */ = {isa = PBXFileReference; lastKnownFileType = sourcecode.swift; path = MainTabCoordinator.swift; sourceTree = "<group>"; };
		EF7785DA28864CC700E60AD2 /* CallTime.storyboard */ = {isa = PBXFileReference; fileEncoding = 4; lastKnownFileType = file.storyboard; path = CallTime.storyboard; sourceTree = "<group>"; };
		EF7785DB28864CC700E60AD2 /* RegisterCallTimeViewController.swift */ = {isa = PBXFileReference; fileEncoding = 4; lastKnownFileType = sourcecode.swift; path = RegisterCallTimeViewController.swift; sourceTree = "<group>"; };
		EFF8D2982880EFA0005A4D10 /* MainTabBarController.swift */ = {isa = PBXFileReference; lastKnownFileType = sourcecode.swift; path = MainTabBarController.swift; sourceTree = "<group>"; };
		EFF8D29A2880F226005A4D10 /* TodayViewController.swift */ = {isa = PBXFileReference; lastKnownFileType = sourcecode.swift; path = TodayViewController.swift; sourceTree = "<group>"; };
		EFF8D2A02880F4FE005A4D10 /* UITabBarItem+.swift */ = {isa = PBXFileReference; lastKnownFileType = sourcecode.swift; path = "UITabBarItem+.swift"; sourceTree = "<group>"; };
		EFF8D2A3288102B1005A4D10 /* RecordViewController.swift */ = {isa = PBXFileReference; lastKnownFileType = sourcecode.swift; path = RecordViewController.swift; sourceTree = "<group>"; };
		EFF8D2A528810A11005A4D10 /* UIView+.swift */ = {isa = PBXFileReference; lastKnownFileType = sourcecode.swift; path = "UIView+.swift"; sourceTree = "<group>"; };
		EFF8D2A928811A7F005A4D10 /* UIStackView+.swift */ = {isa = PBXFileReference; lastKnownFileType = sourcecode.swift; path = "UIStackView+.swift"; sourceTree = "<group>"; };
		EFF8D2BA28819D03005A4D10 /* UIViewController+.swift */ = {isa = PBXFileReference; lastKnownFileType = sourcecode.swift; path = "UIViewController+.swift"; sourceTree = "<group>"; };
		EFF8D2BC2881C9F1005A4D10 /* RegisterNotifyViewController.swift */ = {isa = PBXFileReference; lastKnownFileType = sourcecode.swift; path = RegisterNotifyViewController.swift; sourceTree = "<group>"; };
		EFF8D2BE2881D219005A4D10 /* UILabel+.swift */ = {isa = PBXFileReference; lastKnownFileType = sourcecode.swift; path = "UILabel+.swift"; sourceTree = "<group>"; };
		EFF8D2C12881D3DE005A4D10 /* AlarmSetView.swift */ = {isa = PBXFileReference; lastKnownFileType = sourcecode.swift; path = AlarmSetView.swift; sourceTree = "<group>"; };
		EFF8D2C328826931005A4D10 /* AlarmAgainSetView.swift */ = {isa = PBXFileReference; lastKnownFileType = sourcecode.swift; path = AlarmAgainSetView.swift; sourceTree = "<group>"; };
		EFF8D2C72882AE3A005A4D10 /* AMButton.swift */ = {isa = PBXFileReference; lastKnownFileType = sourcecode.swift; path = AMButton.swift; sourceTree = "<group>"; };
		EFF8D2C92882BC6A005A4D10 /* CallDelayViewController.swift */ = {isa = PBXFileReference; lastKnownFileType = sourcecode.swift; path = CallDelayViewController.swift; sourceTree = "<group>"; };
		EFF8D2D1288318CB005A4D10 /* UIFont+.swift */ = {isa = PBXFileReference; lastKnownFileType = sourcecode.swift; path = "UIFont+.swift"; sourceTree = "<group>"; };
		EFFD73EB287BC77D00D9F267 /* Alarmi.app */ = {isa = PBXFileReference; explicitFileType = wrapper.application; includeInIndex = 0; path = Alarmi.app; sourceTree = BUILT_PRODUCTS_DIR; };
		EFFD73EE287BC77D00D9F267 /* AppDelegate.swift */ = {isa = PBXFileReference; lastKnownFileType = sourcecode.swift; path = AppDelegate.swift; sourceTree = "<group>"; };
		EFFD73F0287BC77D00D9F267 /* SceneDelegate.swift */ = {isa = PBXFileReference; lastKnownFileType = sourcecode.swift; path = SceneDelegate.swift; sourceTree = "<group>"; };
		EFFD73F5287BC77D00D9F267 /* Base */ = {isa = PBXFileReference; lastKnownFileType = file.storyboard; name = Base; path = Base.lproj/Main.storyboard; sourceTree = "<group>"; };
		EFFD73F7287BC77E00D9F267 /* Assets.xcassets */ = {isa = PBXFileReference; lastKnownFileType = folder.assetcatalog; path = Assets.xcassets; sourceTree = "<group>"; };
		EFFD73FA287BC77E00D9F267 /* Base */ = {isa = PBXFileReference; lastKnownFileType = file.storyboard; name = Base; path = Base.lproj/LaunchScreen.storyboard; sourceTree = "<group>"; };
		EFFD73FC287BC77E00D9F267 /* Info.plist */ = {isa = PBXFileReference; lastKnownFileType = text.plist.xml; path = Info.plist; sourceTree = "<group>"; };
		EFFD7401287BC77F00D9F267 /* AlarmiTests.xctest */ = {isa = PBXFileReference; explicitFileType = wrapper.cfbundle; includeInIndex = 0; path = AlarmiTests.xctest; sourceTree = BUILT_PRODUCTS_DIR; };
		EFFD7405287BC77F00D9F267 /* AlarmiTests.swift */ = {isa = PBXFileReference; lastKnownFileType = sourcecode.swift; path = AlarmiTests.swift; sourceTree = "<group>"; };
		EFFD740B287BC77F00D9F267 /* AlarmiUITests.xctest */ = {isa = PBXFileReference; explicitFileType = wrapper.cfbundle; includeInIndex = 0; path = AlarmiUITests.xctest; sourceTree = BUILT_PRODUCTS_DIR; };
		EFFD740F287BC77F00D9F267 /* AlarmiUITests.swift */ = {isa = PBXFileReference; lastKnownFileType = sourcecode.swift; path = AlarmiUITests.swift; sourceTree = "<group>"; };
		EFFD7411287BC77F00D9F267 /* AlarmiUITestsLaunchTests.swift */ = {isa = PBXFileReference; lastKnownFileType = sourcecode.swift; path = AlarmiUITestsLaunchTests.swift; sourceTree = "<group>"; };
/* End PBXFileReference section */

/* Begin PBXFrameworksBuildPhase section */
		EFFD73E8287BC77D00D9F267 /* Frameworks */ = {
			isa = PBXFrameworksBuildPhase;
			buildActionMask = 2147483647;
			files = (
			);
			runOnlyForDeploymentPostprocessing = 0;
		};
		EFFD73FE287BC77F00D9F267 /* Frameworks */ = {
			isa = PBXFrameworksBuildPhase;
			buildActionMask = 2147483647;
			files = (
			);
			runOnlyForDeploymentPostprocessing = 0;
		};
		EFFD7408287BC77F00D9F267 /* Frameworks */ = {
			isa = PBXFrameworksBuildPhase;
			buildActionMask = 2147483647;
			files = (
			);
			runOnlyForDeploymentPostprocessing = 0;
		};
/* End PBXFrameworksBuildPhase section */

/* Begin PBXGroup section */
		158BE5F22887983A00BDAFA4 /* Models */ = {
			isa = PBXGroup;
			children = (
				EF0C23D1288E232D00FF5A86 /* MoTeDate.swift */,
				EF0C23D3288E234100FF5A86 /* Alarm.swift */,
				EF0C23D5288E234B00FF5A86 /* CallTime.swift */,
				EF0C23D7288E236400FF5A86 /* Goal.swift */,
				EF0C23D9288E237A00FF5A86 /* PushAlarm.swift */,
			);
			path = Models;
			sourceTree = "<group>";
		};
		385BB5542882BB0E0067AFF4 /* CurrentLocationView */ = {
			isa = PBXGroup;
			children = (
				385BB5552882BB270067AFF4 /* RegisterLocationViewController.swift */,
				385BB5572882DF1D0067AFF4 /* RegisterLocationCollectionViewCell.swift */,
			);
			path = CurrentLocationView;
			sourceTree = "<group>";
		};
		EF3630F2288662DA007779C0 /* App */ = {
			isa = PBXGroup;
			children = (
				EF3630F028866115007779C0 /* AppCoordinator.swift */,
			);
			path = App;
			sourceTree = "<group>";
		};
		EF3630FB28867359007779C0 /* Today */ = {
			isa = PBXGroup;
			children = (
				EFF8D29A2880F226005A4D10 /* TodayViewController.swift */,
				EFF8D2C92882BC6A005A4D10 /* CallDelayViewController.swift */,
				507E6F352882D8A70086A4CE /* SettingViewController.swift */,
			);
			path = Today;
			sourceTree = "<group>";
		};
		EF3630FC2886735D007779C0 /* Record */ = {
			isa = PBXGroup;
			children = (
				EFF8D2A3288102B1005A4D10 /* RecordViewController.swift */,
			);
			path = Record;
			sourceTree = "<group>";
		};
		EF3630FD28867369007779C0 /* Tab */ = {
			isa = PBXGroup;
			children = (
				EF3630F528866968007779C0 /* MainTabCoordinator.swift */,
				EFF8D2982880EFA0005A4D10 /* MainTabBarController.swift */,
			);
			path = Tab;
			sourceTree = "<group>";
		};
		EF7785D928864A6200E60AD2 /* Register */ = {
			isa = PBXGroup;
			children = (
				EF3630F328866304007779C0 /* RegisterCoordinator.swift */,
				EF7785DB28864CC700E60AD2 /* RegisterCallTimeViewController.swift */,
				1537834B288480DE00E173D1 /* RegisterPlanViewController.swift */,
				EFF8D2BC2881C9F1005A4D10 /* RegisterNotifyViewController.swift */,
				507E6F3328826AD80086A4CE /* RegisterCompleteViewController.swift */,
				EFF8D2C528826936005A4D10 /* Supporting Views */,
			);
			path = Register;
			sourceTree = "<group>";
		};
		EFF8D2972880EF81005A4D10 /* MainTab */ = {
			isa = PBXGroup;
			children = (
				EF3630FD28867369007779C0 /* Tab */,
				EF3630FB28867359007779C0 /* Today */,
				EF3630FC2886735D007779C0 /* Record */,
			);
			path = MainTab;
			sourceTree = "<group>";
		};
		EFF8D29E2880F4F1005A4D10 /* Global */ = {
			isa = PBXGroup;
			children = (
				EFF8D2C62882AE20005A4D10 /* Components */,
				EFF8D29F2880F4F5005A4D10 /* Extensions */,
				EF3630EE28865FA4007779C0 /* Coordinator.swift */,
			);
			path = Global;
			sourceTree = "<group>";
		};
		EFF8D29F2880F4F5005A4D10 /* Extensions */ = {
			isa = PBXGroup;
			children = (
				EFF8D2A02880F4FE005A4D10 /* UITabBarItem+.swift */,
				EFF8D2BA28819D03005A4D10 /* UIViewController+.swift */,
				EFF8D2A528810A11005A4D10 /* UIView+.swift */,
				EFF8D2A928811A7F005A4D10 /* UIStackView+.swift */,
				EFF8D2BE2881D219005A4D10 /* UILabel+.swift */,
				EFF8D2D1288318CB005A4D10 /* UIFont+.swift */,
				5075907928915CC50033C09B /* UIColor+.swift */,
			);
			path = Extensions;
			sourceTree = "<group>";
		};
		EFF8D2C528826936005A4D10 /* Supporting Views */ = {
			isa = PBXGroup;
			children = (
				385BB5542882BB0E0067AFF4 /* CurrentLocationView */,
				EFF8D2C12881D3DE005A4D10 /* AlarmSetView.swift */,
				EFF8D2C328826931005A4D10 /* AlarmAgainSetView.swift */,
			);
			path = "Supporting Views";
			sourceTree = "<group>";
		};
		EFF8D2C62882AE20005A4D10 /* Components */ = {
			isa = PBXGroup;
			children = (
				EFF8D2C72882AE3A005A4D10 /* AMButton.swift */,
			);
			path = Components;
			sourceTree = "<group>";
		};
		EFFD73E2287BC77D00D9F267 = {
			isa = PBXGroup;
			children = (
				EF25AD1F287BD05E0014B41B /* .swiftlint.yml */,
				EFFD73ED287BC77D00D9F267 /* Alarmi */,
				EFFD7404287BC77F00D9F267 /* AlarmiTests */,
				EFFD740E287BC77F00D9F267 /* AlarmiUITests */,
				EFFD73EC287BC77D00D9F267 /* Products */,
			);
			sourceTree = "<group>";
		};
		EFFD73EC287BC77D00D9F267 /* Products */ = {
			isa = PBXGroup;
			children = (
				EFFD73EB287BC77D00D9F267 /* Alarmi.app */,
				EFFD7401287BC77F00D9F267 /* AlarmiTests.xctest */,
				EFFD740B287BC77F00D9F267 /* AlarmiUITests.xctest */,
			);
			name = Products;
			sourceTree = "<group>";
		};
		EFFD73ED287BC77D00D9F267 /* Alarmi */ = {
			isa = PBXGroup;
			children = (
				EFFD7421287BC9EA00D9F267 /* Resources */,
				EFFD7420287BC9D800D9F267 /* Sources */,
			);
			path = Alarmi;
			sourceTree = "<group>";
		};
		EFFD7404287BC77F00D9F267 /* AlarmiTests */ = {
			isa = PBXGroup;
			children = (
				EFFD7405287BC77F00D9F267 /* AlarmiTests.swift */,
			);
			path = AlarmiTests;
			sourceTree = "<group>";
		};
		EFFD740E287BC77F00D9F267 /* AlarmiUITests */ = {
			isa = PBXGroup;
			children = (
				EFFD740F287BC77F00D9F267 /* AlarmiUITests.swift */,
				EFFD7411287BC77F00D9F267 /* AlarmiUITestsLaunchTests.swift */,
			);
			path = AlarmiUITests;
			sourceTree = "<group>";
		};
		EFFD7420287BC9D800D9F267 /* Sources */ = {
			isa = PBXGroup;
			children = (
				158BE5F22887983A00BDAFA4 /* Models */,
				EFFD73EE287BC77D00D9F267 /* AppDelegate.swift */,
				EFFD73F0287BC77D00D9F267 /* SceneDelegate.swift */,
				EFF8D29E2880F4F1005A4D10 /* Global */,
				EF3630F2288662DA007779C0 /* App */,
				EF7785D928864A6200E60AD2 /* Register */,
				EFF8D2972880EF81005A4D10 /* MainTab */,
			);
			path = Sources;
			sourceTree = "<group>";
		};
		EFFD7421287BC9EA00D9F267 /* Resources */ = {
			isa = PBXGroup;
			children = (
				EFFD73F4287BC77D00D9F267 /* Main.storyboard */,
				1537834D2884826900E173D1 /* SettingPlan.storyboard */,
				EFFD73F9287BC77E00D9F267 /* LaunchScreen.storyboard */,
				EF7785DA28864CC700E60AD2 /* CallTime.storyboard */,
				EFFD73F7287BC77E00D9F267 /* Assets.xcassets */,
				EFFD73FC287BC77E00D9F267 /* Info.plist */,
			);
			path = Resources;
			sourceTree = "<group>";
		};
/* End PBXGroup section */

/* Begin PBXNativeTarget section */
		EFFD73EA287BC77D00D9F267 /* Alarmi */ = {
			isa = PBXNativeTarget;
			buildConfigurationList = EFFD7415287BC77F00D9F267 /* Build configuration list for PBXNativeTarget "Alarmi" */;
			buildPhases = (
				EF25AD1E287BCDC40014B41B /* SwiftLint Script */,
				EFFD73E7287BC77D00D9F267 /* Sources */,
				EFFD73E8287BC77D00D9F267 /* Frameworks */,
				EFFD73E9287BC77D00D9F267 /* Resources */,
			);
			buildRules = (
			);
			dependencies = (
			);
			name = Alarmi;
			productName = Alarmi;
			productReference = EFFD73EB287BC77D00D9F267 /* Alarmi.app */;
			productType = "com.apple.product-type.application";
		};
		EFFD7400287BC77F00D9F267 /* AlarmiTests */ = {
			isa = PBXNativeTarget;
			buildConfigurationList = EFFD7418287BC77F00D9F267 /* Build configuration list for PBXNativeTarget "AlarmiTests" */;
			buildPhases = (
				EFFD73FD287BC77F00D9F267 /* Sources */,
				EFFD73FE287BC77F00D9F267 /* Frameworks */,
				EFFD73FF287BC77F00D9F267 /* Resources */,
			);
			buildRules = (
			);
			dependencies = (
				EFFD7403287BC77F00D9F267 /* PBXTargetDependency */,
			);
			name = AlarmiTests;
			productName = AlarmiTests;
			productReference = EFFD7401287BC77F00D9F267 /* AlarmiTests.xctest */;
			productType = "com.apple.product-type.bundle.unit-test";
		};
		EFFD740A287BC77F00D9F267 /* AlarmiUITests */ = {
			isa = PBXNativeTarget;
			buildConfigurationList = EFFD741B287BC77F00D9F267 /* Build configuration list for PBXNativeTarget "AlarmiUITests" */;
			buildPhases = (
				EFFD7407287BC77F00D9F267 /* Sources */,
				EFFD7408287BC77F00D9F267 /* Frameworks */,
				EFFD7409287BC77F00D9F267 /* Resources */,
			);
			buildRules = (
			);
			dependencies = (
				EFFD740D287BC77F00D9F267 /* PBXTargetDependency */,
			);
			name = AlarmiUITests;
			productName = AlarmiUITests;
			productReference = EFFD740B287BC77F00D9F267 /* AlarmiUITests.xctest */;
			productType = "com.apple.product-type.bundle.ui-testing";
		};
/* End PBXNativeTarget section */

/* Begin PBXProject section */
		EFFD73E3287BC77D00D9F267 /* Project object */ = {
			isa = PBXProject;
			attributes = {
				BuildIndependentTargetsInParallel = 1;
				LastSwiftUpdateCheck = 1340;
				LastUpgradeCheck = 1340;
				ORGANIZATIONNAME = MoTe;
				TargetAttributes = {
					EFFD73EA287BC77D00D9F267 = {
						CreatedOnToolsVersion = 13.4.1;
					};
					EFFD7400287BC77F00D9F267 = {
						CreatedOnToolsVersion = 13.4.1;
						TestTargetID = EFFD73EA287BC77D00D9F267;
					};
					EFFD740A287BC77F00D9F267 = {
						CreatedOnToolsVersion = 13.4.1;
						TestTargetID = EFFD73EA287BC77D00D9F267;
					};
				};
			};
			buildConfigurationList = EFFD73E6287BC77D00D9F267 /* Build configuration list for PBXProject "Alarmi" */;
			compatibilityVersion = "Xcode 13.0";
			developmentRegion = en;
			hasScannedForEncodings = 0;
			knownRegions = (
				en,
				Base,
			);
			mainGroup = EFFD73E2287BC77D00D9F267;
			productRefGroup = EFFD73EC287BC77D00D9F267 /* Products */;
			projectDirPath = "";
			projectRoot = "";
			targets = (
				EFFD73EA287BC77D00D9F267 /* Alarmi */,
				EFFD7400287BC77F00D9F267 /* AlarmiTests */,
				EFFD740A287BC77F00D9F267 /* AlarmiUITests */,
			);
		};
/* End PBXProject section */

/* Begin PBXResourcesBuildPhase section */
		EFFD73E9287BC77D00D9F267 /* Resources */ = {
			isa = PBXResourcesBuildPhase;
			buildActionMask = 2147483647;
			files = (
				EF25AD20287BD05E0014B41B /* .swiftlint.yml in Resources */,
				EFFD73FB287BC77E00D9F267 /* LaunchScreen.storyboard in Resources */,
				1537834E2884826900E173D1 /* SettingPlan.storyboard in Resources */,
				EFFD73F8287BC77E00D9F267 /* Assets.xcassets in Resources */,
				EFFD73F6287BC77D00D9F267 /* Main.storyboard in Resources */,
				EF7785DC28864CC700E60AD2 /* CallTime.storyboard in Resources */,
			);
			runOnlyForDeploymentPostprocessing = 0;
		};
		EFFD73FF287BC77F00D9F267 /* Resources */ = {
			isa = PBXResourcesBuildPhase;
			buildActionMask = 2147483647;
			files = (
			);
			runOnlyForDeploymentPostprocessing = 0;
		};
		EFFD7409287BC77F00D9F267 /* Resources */ = {
			isa = PBXResourcesBuildPhase;
			buildActionMask = 2147483647;
			files = (
			);
			runOnlyForDeploymentPostprocessing = 0;
		};
/* End PBXResourcesBuildPhase section */

/* Begin PBXShellScriptBuildPhase section */
		EF25AD1E287BCDC40014B41B /* SwiftLint Script */ = {
			isa = PBXShellScriptBuildPhase;
			buildActionMask = 2147483647;
			files = (
			);
			inputFileListPaths = (
			);
			inputPaths = (
			);
			name = "SwiftLint Script";
			outputFileListPaths = (
			);
			outputPaths = (
			);
			runOnlyForDeploymentPostprocessing = 0;
			shellPath = /bin/sh;
			shellScript = "# 설정하기 https://github.com/realm/SwiftLint\n# ⚠️ M1 과 Intel 에서 SwiftLint 파일 경로가 다르기 때문에 주의\nexport PATH=\"$PATH:/opt/homebrew/bin\"\nif which swiftlint > /dev/null; then\n  swiftlint\nelse\n  echo \"warning: SwiftLint not installed, download from https://github.com/realm/SwiftLint\"\nfi\n\n";
		};
/* End PBXShellScriptBuildPhase section */

/* Begin PBXSourcesBuildPhase section */
		EFFD73E7287BC77D00D9F267 /* Sources */ = {
			isa = PBXSourcesBuildPhase;
			buildActionMask = 2147483647;
			files = (
				EFF8D2BD2881C9F1005A4D10 /* RegisterNotifyViewController.swift in Sources */,
				EFF8D2C428826931005A4D10 /* AlarmAgainSetView.swift in Sources */,
				EF3630F128866115007779C0 /* AppCoordinator.swift in Sources */,
				507E6F3428826AD80086A4CE /* RegisterCompleteViewController.swift in Sources */,
				385BB5562882BB270067AFF4 /* RegisterLocationViewController.swift in Sources */,
				EF0C23D8288E236400FF5A86 /* Goal.swift in Sources */,
				EFFD73EF287BC77D00D9F267 /* AppDelegate.swift in Sources */,
				1537834C288480DE00E173D1 /* RegisterPlanViewController.swift in Sources */,
				EFF8D2C22881D3DE005A4D10 /* AlarmSetView.swift in Sources */,
				EF3630EF28865FA4007779C0 /* Coordinator.swift in Sources */,
				EFF8D2C82882AE3A005A4D10 /* AMButton.swift in Sources */,
				EF0C23D6288E234B00FF5A86 /* CallTime.swift in Sources */,
				507E6F362882D8A70086A4CE /* SettingViewController.swift in Sources */,
				EFF8D2BB28819D03005A4D10 /* UIViewController+.swift in Sources */,
				EF3630F628866968007779C0 /* MainTabCoordinator.swift in Sources */,
				EFF8D29B2880F226005A4D10 /* TodayViewController.swift in Sources */,
				EFF8D2D2288318CB005A4D10 /* UIFont+.swift in Sources */,
				5075907A28915CC50033C09B /* UIColor+.swift in Sources */,
				EF0C23D2288E232D00FF5A86 /* MoTeDate.swift in Sources */,
				EF3630F428866304007779C0 /* RegisterCoordinator.swift in Sources */,
				EFF8D2A4288102B1005A4D10 /* RecordViewController.swift in Sources */,
				EFF8D2A628810A11005A4D10 /* UIView+.swift in Sources */,
				EFF8D2992880EFA0005A4D10 /* MainTabBarController.swift in Sources */,
				EFF8D2A12880F4FE005A4D10 /* UITabBarItem+.swift in Sources */,
				EF0C23DA288E237A00FF5A86 /* PushAlarm.swift in Sources */,
				EFF8D2BF2881D219005A4D10 /* UILabel+.swift in Sources */,
				EF7785DD28864CC700E60AD2 /* RegisterCallTimeViewController.swift in Sources */,
				EFF8D2AA28811A7F005A4D10 /* UIStackView+.swift in Sources */,
				385BB5582882DF1D0067AFF4 /* RegisterLocationCollectionViewCell.swift in Sources */,
				EFF8D2CA2882BC6A005A4D10 /* CallDelayViewController.swift in Sources */,
				EF0C23D4288E234100FF5A86 /* Alarm.swift in Sources */,
				EFFD73F1287BC77D00D9F267 /* SceneDelegate.swift in Sources */,
			);
			runOnlyForDeploymentPostprocessing = 0;
		};
		EFFD73FD287BC77F00D9F267 /* Sources */ = {
			isa = PBXSourcesBuildPhase;
			buildActionMask = 2147483647;
			files = (
				EFFD7406287BC77F00D9F267 /* AlarmiTests.swift in Sources */,
			);
			runOnlyForDeploymentPostprocessing = 0;
		};
		EFFD7407287BC77F00D9F267 /* Sources */ = {
			isa = PBXSourcesBuildPhase;
			buildActionMask = 2147483647;
			files = (
				EFFD7412287BC77F00D9F267 /* AlarmiUITestsLaunchTests.swift in Sources */,
				EFFD7410287BC77F00D9F267 /* AlarmiUITests.swift in Sources */,
			);
			runOnlyForDeploymentPostprocessing = 0;
		};
/* End PBXSourcesBuildPhase section */

/* Begin PBXTargetDependency section */
		EFFD7403287BC77F00D9F267 /* PBXTargetDependency */ = {
			isa = PBXTargetDependency;
			target = EFFD73EA287BC77D00D9F267 /* Alarmi */;
			targetProxy = EFFD7402287BC77F00D9F267 /* PBXContainerItemProxy */;
		};
		EFFD740D287BC77F00D9F267 /* PBXTargetDependency */ = {
			isa = PBXTargetDependency;
			target = EFFD73EA287BC77D00D9F267 /* Alarmi */;
			targetProxy = EFFD740C287BC77F00D9F267 /* PBXContainerItemProxy */;
		};
/* End PBXTargetDependency section */

/* Begin PBXVariantGroup section */
		EFFD73F4287BC77D00D9F267 /* Main.storyboard */ = {
			isa = PBXVariantGroup;
			children = (
				EFFD73F5287BC77D00D9F267 /* Base */,
			);
			name = Main.storyboard;
			sourceTree = "<group>";
		};
		EFFD73F9287BC77E00D9F267 /* LaunchScreen.storyboard */ = {
			isa = PBXVariantGroup;
			children = (
				EFFD73FA287BC77E00D9F267 /* Base */,
			);
			name = LaunchScreen.storyboard;
			sourceTree = "<group>";
		};
/* End PBXVariantGroup section */

/* Begin XCBuildConfiguration section */
		EFFD7413287BC77F00D9F267 /* Debug */ = {
			isa = XCBuildConfiguration;
			buildSettings = {
				ALWAYS_SEARCH_USER_PATHS = NO;
				CLANG_ANALYZER_NONNULL = YES;
				CLANG_ANALYZER_NUMBER_OBJECT_CONVERSION = YES_AGGRESSIVE;
				CLANG_CXX_LANGUAGE_STANDARD = "gnu++17";
				CLANG_ENABLE_MODULES = YES;
				CLANG_ENABLE_OBJC_ARC = YES;
				CLANG_ENABLE_OBJC_WEAK = YES;
				CLANG_WARN_BLOCK_CAPTURE_AUTORELEASING = YES;
				CLANG_WARN_BOOL_CONVERSION = YES;
				CLANG_WARN_COMMA = YES;
				CLANG_WARN_CONSTANT_CONVERSION = YES;
				CLANG_WARN_DEPRECATED_OBJC_IMPLEMENTATIONS = YES;
				CLANG_WARN_DIRECT_OBJC_ISA_USAGE = YES_ERROR;
				CLANG_WARN_DOCUMENTATION_COMMENTS = YES;
				CLANG_WARN_EMPTY_BODY = YES;
				CLANG_WARN_ENUM_CONVERSION = YES;
				CLANG_WARN_INFINITE_RECURSION = YES;
				CLANG_WARN_INT_CONVERSION = YES;
				CLANG_WARN_NON_LITERAL_NULL_CONVERSION = YES;
				CLANG_WARN_OBJC_IMPLICIT_RETAIN_SELF = YES;
				CLANG_WARN_OBJC_LITERAL_CONVERSION = YES;
				CLANG_WARN_OBJC_ROOT_CLASS = YES_ERROR;
				CLANG_WARN_QUOTED_INCLUDE_IN_FRAMEWORK_HEADER = YES;
				CLANG_WARN_RANGE_LOOP_ANALYSIS = YES;
				CLANG_WARN_STRICT_PROTOTYPES = YES;
				CLANG_WARN_SUSPICIOUS_MOVE = YES;
				CLANG_WARN_UNGUARDED_AVAILABILITY = YES_AGGRESSIVE;
				CLANG_WARN_UNREACHABLE_CODE = YES;
				CLANG_WARN__DUPLICATE_METHOD_MATCH = YES;
				COPY_PHASE_STRIP = NO;
				DEBUG_INFORMATION_FORMAT = dwarf;
				ENABLE_STRICT_OBJC_MSGSEND = YES;
				ENABLE_TESTABILITY = YES;
				GCC_C_LANGUAGE_STANDARD = gnu11;
				GCC_DYNAMIC_NO_PIC = NO;
				GCC_NO_COMMON_BLOCKS = YES;
				GCC_OPTIMIZATION_LEVEL = 0;
				GCC_PREPROCESSOR_DEFINITIONS = (
					"DEBUG=1",
					"$(inherited)",
				);
				GCC_WARN_64_TO_32_BIT_CONVERSION = YES;
				GCC_WARN_ABOUT_RETURN_TYPE = YES_ERROR;
				GCC_WARN_UNDECLARED_SELECTOR = YES;
				GCC_WARN_UNINITIALIZED_AUTOS = YES_AGGRESSIVE;
				GCC_WARN_UNUSED_FUNCTION = YES;
				GCC_WARN_UNUSED_VARIABLE = YES;
				IPHONEOS_DEPLOYMENT_TARGET = 15.5;
				MTL_ENABLE_DEBUG_INFO = INCLUDE_SOURCE;
				MTL_FAST_MATH = YES;
				ONLY_ACTIVE_ARCH = YES;
				SDKROOT = iphoneos;
				SWIFT_ACTIVE_COMPILATION_CONDITIONS = DEBUG;
				SWIFT_OPTIMIZATION_LEVEL = "-Onone";
			};
			name = Debug;
		};
		EFFD7414287BC77F00D9F267 /* Release */ = {
			isa = XCBuildConfiguration;
			buildSettings = {
				ALWAYS_SEARCH_USER_PATHS = NO;
				CLANG_ANALYZER_NONNULL = YES;
				CLANG_ANALYZER_NUMBER_OBJECT_CONVERSION = YES_AGGRESSIVE;
				CLANG_CXX_LANGUAGE_STANDARD = "gnu++17";
				CLANG_ENABLE_MODULES = YES;
				CLANG_ENABLE_OBJC_ARC = YES;
				CLANG_ENABLE_OBJC_WEAK = YES;
				CLANG_WARN_BLOCK_CAPTURE_AUTORELEASING = YES;
				CLANG_WARN_BOOL_CONVERSION = YES;
				CLANG_WARN_COMMA = YES;
				CLANG_WARN_CONSTANT_CONVERSION = YES;
				CLANG_WARN_DEPRECATED_OBJC_IMPLEMENTATIONS = YES;
				CLANG_WARN_DIRECT_OBJC_ISA_USAGE = YES_ERROR;
				CLANG_WARN_DOCUMENTATION_COMMENTS = YES;
				CLANG_WARN_EMPTY_BODY = YES;
				CLANG_WARN_ENUM_CONVERSION = YES;
				CLANG_WARN_INFINITE_RECURSION = YES;
				CLANG_WARN_INT_CONVERSION = YES;
				CLANG_WARN_NON_LITERAL_NULL_CONVERSION = YES;
				CLANG_WARN_OBJC_IMPLICIT_RETAIN_SELF = YES;
				CLANG_WARN_OBJC_LITERAL_CONVERSION = YES;
				CLANG_WARN_OBJC_ROOT_CLASS = YES_ERROR;
				CLANG_WARN_QUOTED_INCLUDE_IN_FRAMEWORK_HEADER = YES;
				CLANG_WARN_RANGE_LOOP_ANALYSIS = YES;
				CLANG_WARN_STRICT_PROTOTYPES = YES;
				CLANG_WARN_SUSPICIOUS_MOVE = YES;
				CLANG_WARN_UNGUARDED_AVAILABILITY = YES_AGGRESSIVE;
				CLANG_WARN_UNREACHABLE_CODE = YES;
				CLANG_WARN__DUPLICATE_METHOD_MATCH = YES;
				COPY_PHASE_STRIP = NO;
				DEBUG_INFORMATION_FORMAT = "dwarf-with-dsym";
				ENABLE_NS_ASSERTIONS = NO;
				ENABLE_STRICT_OBJC_MSGSEND = YES;
				GCC_C_LANGUAGE_STANDARD = gnu11;
				GCC_NO_COMMON_BLOCKS = YES;
				GCC_WARN_64_TO_32_BIT_CONVERSION = YES;
				GCC_WARN_ABOUT_RETURN_TYPE = YES_ERROR;
				GCC_WARN_UNDECLARED_SELECTOR = YES;
				GCC_WARN_UNINITIALIZED_AUTOS = YES_AGGRESSIVE;
				GCC_WARN_UNUSED_FUNCTION = YES;
				GCC_WARN_UNUSED_VARIABLE = YES;
				IPHONEOS_DEPLOYMENT_TARGET = 15.5;
				MTL_ENABLE_DEBUG_INFO = NO;
				MTL_FAST_MATH = YES;
				SDKROOT = iphoneos;
				SWIFT_COMPILATION_MODE = wholemodule;
				SWIFT_OPTIMIZATION_LEVEL = "-O";
				VALIDATE_PRODUCT = YES;
			};
			name = Release;
		};
		EFFD7416287BC77F00D9F267 /* Debug */ = {
			isa = XCBuildConfiguration;
			buildSettings = {
				ASSETCATALOG_COMPILER_APPICON_NAME = AppIcon;
				ASSETCATALOG_COMPILER_GLOBAL_ACCENT_COLOR_NAME = AccentColor;
				CODE_SIGN_STYLE = Automatic;
				CURRENT_PROJECT_VERSION = 1;
				DEVELOPMENT_TEAM = TZVHD77BLL;
				GENERATE_INFOPLIST_FILE = YES;
				INFOPLIST_FILE = Alarmi/Resources/Info.plist;
				INFOPLIST_KEY_UIApplicationSupportsIndirectInputEvents = YES;
				INFOPLIST_KEY_UILaunchStoryboardName = LaunchScreen;
				INFOPLIST_KEY_UIMainStoryboardFile = Main;
				INFOPLIST_KEY_UISupportedInterfaceOrientations = UIInterfaceOrientationPortrait;
				INFOPLIST_KEY_UISupportedInterfaceOrientations_iPad = "UIInterfaceOrientationPortrait UIInterfaceOrientationPortraitUpsideDown UIInterfaceOrientationLandscapeLeft UIInterfaceOrientationLandscapeRight";
				INFOPLIST_KEY_UISupportedInterfaceOrientations_iPhone = "UIInterfaceOrientationPortrait UIInterfaceOrientationLandscapeLeft UIInterfaceOrientationLandscapeRight";
				LD_RUNPATH_SEARCH_PATHS = (
					"$(inherited)",
					"@executable_path/Frameworks",
				);
				MARKETING_VERSION = 1.0;
				PRODUCT_BUNDLE_IDENTIFIER = "com.apple-developer-academy.Alarmi";
				PRODUCT_NAME = "$(TARGET_NAME)";
				SWIFT_EMIT_LOC_STRINGS = YES;
				SWIFT_VERSION = 5.0;
				TARGETED_DEVICE_FAMILY = 1;
			};
			name = Debug;
		};
		EFFD7417287BC77F00D9F267 /* Release */ = {
			isa = XCBuildConfiguration;
			buildSettings = {
				ASSETCATALOG_COMPILER_APPICON_NAME = AppIcon;
				ASSETCATALOG_COMPILER_GLOBAL_ACCENT_COLOR_NAME = AccentColor;
				CODE_SIGN_STYLE = Automatic;
				CURRENT_PROJECT_VERSION = 1;
				DEVELOPMENT_TEAM = TZVHD77BLL;
				GENERATE_INFOPLIST_FILE = YES;
				INFOPLIST_FILE = Alarmi/Resources/Info.plist;
				INFOPLIST_KEY_UIApplicationSupportsIndirectInputEvents = YES;
				INFOPLIST_KEY_UILaunchStoryboardName = LaunchScreen;
				INFOPLIST_KEY_UIMainStoryboardFile = Main;
				INFOPLIST_KEY_UISupportedInterfaceOrientations = UIInterfaceOrientationPortrait;
				INFOPLIST_KEY_UISupportedInterfaceOrientations_iPad = "UIInterfaceOrientationPortrait UIInterfaceOrientationPortraitUpsideDown UIInterfaceOrientationLandscapeLeft UIInterfaceOrientationLandscapeRight";
				INFOPLIST_KEY_UISupportedInterfaceOrientations_iPhone = "UIInterfaceOrientationPortrait UIInterfaceOrientationLandscapeLeft UIInterfaceOrientationLandscapeRight";
				LD_RUNPATH_SEARCH_PATHS = (
					"$(inherited)",
					"@executable_path/Frameworks",
				);
				MARKETING_VERSION = 1.0;
				PRODUCT_BUNDLE_IDENTIFIER = "com.apple-developer-academy.Alarmi";
				PRODUCT_NAME = "$(TARGET_NAME)";
				SWIFT_EMIT_LOC_STRINGS = YES;
				SWIFT_VERSION = 5.0;
				TARGETED_DEVICE_FAMILY = 1;
			};
			name = Release;
		};
		EFFD7419287BC77F00D9F267 /* Debug */ = {
			isa = XCBuildConfiguration;
			buildSettings = {
				ALWAYS_EMBED_SWIFT_STANDARD_LIBRARIES = YES;
				BUNDLE_LOADER = "$(TEST_HOST)";
				CODE_SIGN_STYLE = Automatic;
				CURRENT_PROJECT_VERSION = 1;
				GENERATE_INFOPLIST_FILE = YES;
				IPHONEOS_DEPLOYMENT_TARGET = 15.5;
				MARKETING_VERSION = 1.0;
				PRODUCT_BUNDLE_IDENTIFIER = "com.apple-developer-academy.AlarmiTests";
				PRODUCT_NAME = "$(TARGET_NAME)";
				SWIFT_EMIT_LOC_STRINGS = NO;
				SWIFT_VERSION = 5.0;
				TARGETED_DEVICE_FAMILY = "1,2";
				TEST_HOST = "$(BUILT_PRODUCTS_DIR)/Alarmi.app/Alarmi";
			};
			name = Debug;
		};
		EFFD741A287BC77F00D9F267 /* Release */ = {
			isa = XCBuildConfiguration;
			buildSettings = {
				ALWAYS_EMBED_SWIFT_STANDARD_LIBRARIES = YES;
				BUNDLE_LOADER = "$(TEST_HOST)";
				CODE_SIGN_STYLE = Automatic;
				CURRENT_PROJECT_VERSION = 1;
				GENERATE_INFOPLIST_FILE = YES;
				IPHONEOS_DEPLOYMENT_TARGET = 15.5;
				MARKETING_VERSION = 1.0;
				PRODUCT_BUNDLE_IDENTIFIER = "com.apple-developer-academy.AlarmiTests";
				PRODUCT_NAME = "$(TARGET_NAME)";
				SWIFT_EMIT_LOC_STRINGS = NO;
				SWIFT_VERSION = 5.0;
				TARGETED_DEVICE_FAMILY = "1,2";
				TEST_HOST = "$(BUILT_PRODUCTS_DIR)/Alarmi.app/Alarmi";
			};
			name = Release;
		};
		EFFD741C287BC77F00D9F267 /* Debug */ = {
			isa = XCBuildConfiguration;
			buildSettings = {
				ALWAYS_EMBED_SWIFT_STANDARD_LIBRARIES = YES;
				CODE_SIGN_STYLE = Automatic;
				CURRENT_PROJECT_VERSION = 1;
				GENERATE_INFOPLIST_FILE = YES;
				MARKETING_VERSION = 1.0;
				PRODUCT_BUNDLE_IDENTIFIER = "com.apple-developer-academy.AlarmiUITests";
				PRODUCT_NAME = "$(TARGET_NAME)";
				SWIFT_EMIT_LOC_STRINGS = NO;
				SWIFT_VERSION = 5.0;
				TARGETED_DEVICE_FAMILY = "1,2";
				TEST_TARGET_NAME = Alarmi;
			};
			name = Debug;
		};
		EFFD741D287BC77F00D9F267 /* Release */ = {
			isa = XCBuildConfiguration;
			buildSettings = {
				ALWAYS_EMBED_SWIFT_STANDARD_LIBRARIES = YES;
				CODE_SIGN_STYLE = Automatic;
				CURRENT_PROJECT_VERSION = 1;
				GENERATE_INFOPLIST_FILE = YES;
				MARKETING_VERSION = 1.0;
				PRODUCT_BUNDLE_IDENTIFIER = "com.apple-developer-academy.AlarmiUITests";
				PRODUCT_NAME = "$(TARGET_NAME)";
				SWIFT_EMIT_LOC_STRINGS = NO;
				SWIFT_VERSION = 5.0;
				TARGETED_DEVICE_FAMILY = "1,2";
				TEST_TARGET_NAME = Alarmi;
			};
			name = Release;
		};
/* End XCBuildConfiguration section */

/* Begin XCConfigurationList section */
		EFFD73E6287BC77D00D9F267 /* Build configuration list for PBXProject "Alarmi" */ = {
			isa = XCConfigurationList;
			buildConfigurations = (
				EFFD7413287BC77F00D9F267 /* Debug */,
				EFFD7414287BC77F00D9F267 /* Release */,
			);
			defaultConfigurationIsVisible = 0;
			defaultConfigurationName = Release;
		};
		EFFD7415287BC77F00D9F267 /* Build configuration list for PBXNativeTarget "Alarmi" */ = {
			isa = XCConfigurationList;
			buildConfigurations = (
				EFFD7416287BC77F00D9F267 /* Debug */,
				EFFD7417287BC77F00D9F267 /* Release */,
			);
			defaultConfigurationIsVisible = 0;
			defaultConfigurationName = Release;
		};
		EFFD7418287BC77F00D9F267 /* Build configuration list for PBXNativeTarget "AlarmiTests" */ = {
			isa = XCConfigurationList;
			buildConfigurations = (
				EFFD7419287BC77F00D9F267 /* Debug */,
				EFFD741A287BC77F00D9F267 /* Release */,
			);
			defaultConfigurationIsVisible = 0;
			defaultConfigurationName = Release;
		};
		EFFD741B287BC77F00D9F267 /* Build configuration list for PBXNativeTarget "AlarmiUITests" */ = {
			isa = XCConfigurationList;
			buildConfigurations = (
				EFFD741C287BC77F00D9F267 /* Debug */,
				EFFD741D287BC77F00D9F267 /* Release */,
			);
			defaultConfigurationIsVisible = 0;
			defaultConfigurationName = Release;
		};
/* End XCConfigurationList section */
	};
	rootObject = EFFD73E3287BC77D00D9F267 /* Project object */;
}
